
Microsoft Visual Studio Solution File, Format Version 12.00
# Visual Studio Version 17
VisualStudioVersion = 17.4.33213.308
MinimumVisualStudioVersion = 10.0.40219.1
Project("{FAE04EC0-301F-11D3-BF4B-00C04F79EFBC}") = "LanchesMac", "LanchesMac\LanchesMac.csproj", "{EC626F82-D3CA-4F90-809B-7BFB928C038D}"
EndProject
Global
	GlobalSection(SolutionConfigurationPlatforms) = preSolution
		Debug|Any CPU = Debug|Any CPU
		Release|Any CPU = Release|Any CPU
	EndGlobalSection
	GlobalSection(ProjectConfigurationPlatforms) = postSolution
		{EC626F82-D3CA-4F90-809B-7BFB928C038D}.Debug|Any CPU.ActiveCfg = Debug|Any CPU
		{EC626F82-D3CA-4F90-809B-7BFB928C038D}.Debug|Any CPU.Build.0 = Debug|Any CPU
		{EC626F82-D3CA-4F90-809B-7BFB928C038D}.Release|Any CPU.ActiveCfg = Release|Any CPU
		{EC626F82-D3CA-4F90-809B-7BFB928C038D}.Release|Any CPU.Build.0 = Release|Any CPU
	EndGlobalSection
	GlobalSection(SolutionProperties) = preSolution
		HideSolutionNode = FALSE
	EndGlobalSection
	GlobalSection(ExtensibilityGlobals) = postSolution
		SolutionGuid = {57C95142-ABCB-4666-AC0F-D0E5003DBF0F}
	EndGlobalSection
EndGlobal
